
Microsoft Visual Studio Solution File, Format Version 12.00
# Visual Studio 15
VisualStudioVersion = 15.0.28307.136
MinimumVisualStudioVersion = 10.0.40219.1
Project("{9A19103F-16F7-4668-BE54-9A1E7A4F7556}") = "FreeSql.DbContext", "FreeSql.DbContext\FreeSql.DbContext.csproj", "{4BFA2127-4971-4E92-97EE-821F4CFA629B}"
EndProject
Project("{2150E333-8FDC-42A3-9474-1A3956D46DE8}") = "Examples", "Examples", "{B395C044-C9D4-4F52-9F5D-5A6E6123AE0C}"
EndProject
Project("{9A19103F-16F7-4668-BE54-9A1E7A4F7556}") = "dbcontext_01", "Examples\dbcontext_01\dbcontext_01.csproj", "{889DF104-629C-41DF-ACF7-461A2A2AB730}"
EndProject
Project("{9A19103F-16F7-4668-BE54-9A1E7A4F7556}") = "repository_01", "Examples\repository_01\repository_01.csproj", "{88DE7C66-8B93-45E3-ABF4-2EF1CDFAC479}"
EndProject
Project("{2150E333-8FDC-42A3-9474-1A3956D46DE8}") = "Docs", "Docs", "{C11D358B-990B-4EC6-B54C-867C7F1A894F}"
	ProjectSection(SolutionItems) = preProject
		readme.md = readme.md
	EndProjectSection
EndProject
Project("{9A19103F-16F7-4668-BE54-9A1E7A4F7556}") = "orm_vs", "Examples\orm_vs\orm_vs.csproj", "{0E11197B-63F7-4C16-AA36-7214B177172B}"
EndProject
Project("{9A19103F-16F7-4668-BE54-9A1E7A4F7556}") = "FreeSql.DbContext.Tests", "FreeSql.DbContext.Tests\FreeSql.DbContext.Tests.csproj", "{A2FE3944-61D3-4516-AC0E-DA9181D87ED2}"
EndProject
Project("{9A19103F-16F7-4668-BE54-9A1E7A4F7556}") = "FreeSql", "..\FreeSql\FreeSql\FreeSql.csproj", "{59344A6F-F563-4147-94A2-74D70266644E}"
EndProject
Project("{9A19103F-16F7-4668-BE54-9A1E7A4F7556}") = "FreeSql.Repository", "FreeSql.Repository\FreeSql.Repository.csproj", "{9762D0E2-AF2F-431B-B37B-FC00E24DF2AA}"
EndProject
Global
	GlobalSection(SolutionConfigurationPlatforms) = preSolution
		Debug|Any CPU = Debug|Any CPU
		Release|Any CPU = Release|Any CPU
	EndGlobalSection
	GlobalSection(ProjectConfigurationPlatforms) = postSolution
		{4BFA2127-4971-4E92-97EE-821F4CFA629B}.Debug|Any CPU.ActiveCfg = Debug|Any CPU
		{4BFA2127-4971-4E92-97EE-821F4CFA629B}.Debug|Any CPU.Build.0 = Debug|Any CPU
		{4BFA2127-4971-4E92-97EE-821F4CFA629B}.Release|Any CPU.ActiveCfg = Release|Any CPU
		{4BFA2127-4971-4E92-97EE-821F4CFA629B}.Release|Any CPU.Build.0 = Release|Any CPU
		{889DF104-629C-41DF-ACF7-461A2A2AB730}.Debug|Any CPU.ActiveCfg = Debug|Any CPU
		{889DF104-629C-41DF-ACF7-461A2A2AB730}.Debug|Any CPU.Build.0 = Debug|Any CPU
		{889DF104-629C-41DF-ACF7-461A2A2AB730}.Release|Any CPU.ActiveCfg = Release|Any CPU
		{889DF104-629C-41DF-ACF7-461A2A2AB730}.Release|Any CPU.Build.0 = Release|Any CPU
		{88DE7C66-8B93-45E3-ABF4-2EF1CDFAC479}.Debug|Any CPU.ActiveCfg = Debug|Any CPU
		{88DE7C66-8B93-45E3-ABF4-2EF1CDFAC479}.Debug|Any CPU.Build.0 = Debug|Any CPU
		{88DE7C66-8B93-45E3-ABF4-2EF1CDFAC479}.Release|Any CPU.ActiveCfg = Release|Any CPU
		{88DE7C66-8B93-45E3-ABF4-2EF1CDFAC479}.Release|Any CPU.Build.0 = Release|Any CPU
		{0E11197B-63F7-4C16-AA36-7214B177172B}.Debug|Any CPU.ActiveCfg = Debug|Any CPU
		{0E11197B-63F7-4C16-AA36-7214B177172B}.Debug|Any CPU.Build.0 = Debug|Any CPU
		{0E11197B-63F7-4C16-AA36-7214B177172B}.Release|Any CPU.ActiveCfg = Release|Any CPU
		{0E11197B-63F7-4C16-AA36-7214B177172B}.Release|Any CPU.Build.0 = Release|Any CPU
		{A2FE3944-61D3-4516-AC0E-DA9181D87ED2}.Debug|Any CPU.ActiveCfg = Debug|Any CPU
		{A2FE3944-61D3-4516-AC0E-DA9181D87ED2}.Debug|Any CPU.Build.0 = Debug|Any CPU
		{A2FE3944-61D3-4516-AC0E-DA9181D87ED2}.Release|Any CPU.ActiveCfg = Release|Any CPU
		{A2FE3944-61D3-4516-AC0E-DA9181D87ED2}.Release|Any CPU.Build.0 = Release|Any CPU
		{59344A6F-F563-4147-94A2-74D70266644E}.Debug|Any CPU.ActiveCfg = Debug|Any CPU
		{59344A6F-F563-4147-94A2-74D70266644E}.Debug|Any CPU.Build.0 = Debug|Any CPU
		{59344A6F-F563-4147-94A2-74D70266644E}.Release|Any CPU.ActiveCfg = Release|Any CPU
		{59344A6F-F563-4147-94A2-74D70266644E}.Release|Any CPU.Build.0 = Release|Any CPU
		{9762D0E2-AF2F-431B-B37B-FC00E24DF2AA}.Debug|Any CPU.ActiveCfg = Debug|Any CPU
		{9762D0E2-AF2F-431B-B37B-FC00E24DF2AA}.Debug|Any CPU.Build.0 = Debug|Any CPU
		{9762D0E2-AF2F-431B-B37B-FC00E24DF2AA}.Release|Any CPU.ActiveCfg = Release|Any CPU
		{9762D0E2-AF2F-431B-B37B-FC00E24DF2AA}.Release|Any CPU.Build.0 = Release|Any CPU
	EndGlobalSection
	GlobalSection(SolutionProperties) = preSolution
		HideSolutionNode = FALSE
	EndGlobalSection
	GlobalSection(NestedProjects) = preSolution
		{889DF104-629C-41DF-ACF7-461A2A2AB730} = {B395C044-C9D4-4F52-9F5D-5A6E6123AE0C}
		{88DE7C66-8B93-45E3-ABF4-2EF1CDFAC479} = {B395C044-C9D4-4F52-9F5D-5A6E6123AE0C}
		{0E11197B-63F7-4C16-AA36-7214B177172B} = {B395C044-C9D4-4F52-9F5D-5A6E6123AE0C}
	EndGlobalSection
	GlobalSection(ExtensibilityGlobals) = postSolution
		SolutionGuid = {3F03089A-7411-482B-8F25-5AA7CB5AB2E5}
	EndGlobalSection
EndGlobal
